// !$*UTF8*$!
{
	archiveVersion = 1;
	classes = {
	};
	objectVersion = 46;
	objects = {

/* Begin PBXBuildFile section */
		1F02C2311CF122DC002C3AE8 /* RoundParticle.sks in Resources */ = {isa = PBXBuildFile; fileRef = 1F02C22F1CF122DC002C3AE8 /* RoundParticle.sks */; };
		1F02C2321CF122DC002C3AE8 /* spark.png in Resources */ = {isa = PBXBuildFile; fileRef = 1F02C2301CF122DC002C3AE8 /* spark.png */; };
		1F03FC1B1CF22A97001EBA67 /* Sparkles.sks in Resources */ = {isa = PBXBuildFile; fileRef = 1F03FC1A1CF22A97001EBA67 /* Sparkles.sks */; };
		1F0642B11CFBD2FA0023B253 /* SmokeParticles.sks in Resources */ = {isa = PBXBuildFile; fileRef = 1F0642AD1CFBD2FA0023B253 /* SmokeParticles.sks */; };
		1F0642B21CFBD2FA0023B253 /* spark2.png in Resources */ = {isa = PBXBuildFile; fileRef = 1F0642AF1CFBD2FA0023B253 /* spark2.png */; };
		1F0E61F91CFB2FE400115A29 /* RoundParticle2.sks in Resources */ = {isa = PBXBuildFile; fileRef = 1F0E61F81CFB2FE400115A29 /* RoundParticle2.sks */; };
		1F16030F1CFBE88C0044350B /* TigerSnoozescene.sks in Resources */ = {isa = PBXBuildFile; fileRef = 1F16030E1CFBE88C0044350B /* TigerSnoozescene.sks */; };
		1F1DC65F1CFB3E1800AB9B9D /* littleCircles.sks in Resources */ = {isa = PBXBuildFile; fileRef = 1F1DC65E1CFB3E1800AB9B9D /* littleCircles.sks */; };
		1F24BC911CEA5AF400CF6A96 /* TitleScene.swift in Sources */ = {isa = PBXBuildFile; fileRef = 1F24BC901CEA5AF400CF6A96 /* TitleScene.swift */; };
		1F5EEE8F1CE9FD020026E201 /* TitleScene.sks in Resources */ = {isa = PBXBuildFile; fileRef = 1F5EEE8E1CE9FD020026E201 /* TitleScene.sks */; };
		1F6B2DC31CEB26F60090B44E /* MyActions.sks in Resources */ = {isa = PBXBuildFile; fileRef = 1F6B2DC21CEB26F60090B44E /* MyActions.sks */; };
		1FA75D381CEE0BE40003BC78 /* Tiger.sks in Resources */ = {isa = PBXBuildFile; fileRef = 1FA75D371CEE0BE40003BC78 /* Tiger.sks */; };
		1FA94B0D1CD79DBE0024B6DA /* AppDelegate.swift in Sources */ = {isa = PBXBuildFile; fileRef = 1FA94B0C1CD79DBE0024B6DA /* AppDelegate.swift */; };
		1FA94B0F1CD79DBE0024B6DA /* GameScene.sks in Resources */ = {isa = PBXBuildFile; fileRef = 1FA94B0E1CD79DBE0024B6DA /* GameScene.sks */; };
		1FA94B111CD79DBE0024B6DA /* GameScene.swift in Sources */ = {isa = PBXBuildFile; fileRef = 1FA94B101CD79DBE0024B6DA /* GameScene.swift */; };
		1FA94B131CD79DBE0024B6DA /* GameViewController.swift in Sources */ = {isa = PBXBuildFile; fileRef = 1FA94B121CD79DBE0024B6DA /* GameViewController.swift */; };
		1FA94B161CD79DBE0024B6DA /* Main.storyboard in Resources */ = {isa = PBXBuildFile; fileRef = 1FA94B141CD79DBE0024B6DA /* Main.storyboard */; };
		1FA94B181CD79DBE0024B6DA /* Assets.xcassets in Resources */ = {isa = PBXBuildFile; fileRef = 1FA94B171CD79DBE0024B6DA /* Assets.xcassets */; };
		1FA94B1B1CD79DBE0024B6DA /* LaunchScreen.storyboard in Resources */ = {isa = PBXBuildFile; fileRef = 1FA94B191CD79DBE0024B6DA /* LaunchScreen.storyboard */; };
		1FA94B261CD79DBE0024B6DA /* Furiously_Calm_TigerUITests.swift in Sources */ = {isa = PBXBuildFile; fileRef = 1FA94B251CD79DBE0024B6DA /* Furiously_Calm_TigerUITests.swift */; };
		1FDEB1941CFBDBD5006AD049 /* Fabric.framework in Frameworks */ = {isa = PBXBuildFile; fileRef = 1FDEB1921CFBDBD5006AD049 /* Fabric.framework */; };
		1FDEB1951CFBDBD5006AD049 /* GameAnalytics.framework in Frameworks */ = {isa = PBXBuildFile; fileRef = 1FDEB1931CFBDBD5006AD049 /* GameAnalytics.framework */; };
/* End PBXBuildFile section */

/* Begin PBXContainerItemProxy section */
		1FA94B221CD79DBE0024B6DA /* PBXContainerItemProxy */ = {
			isa = PBXContainerItemProxy;
			containerPortal = 1FA94B011CD79DBE0024B6DA /* Project object */;
			proxyType = 1;
			remoteGlobalIDString = 1FA94B081CD79DBE0024B6DA;
			remoteInfo = "Furiously Calm Tiger";
		};
/* End PBXContainerItemProxy section */

/* Begin PBXFileReference section */
		1F02C22F1CF122DC002C3AE8 /* RoundParticle.sks */ = {isa = PBXFileReference; lastKnownFileType = file.sks; path = RoundParticle.sks; sourceTree = "<group>"; };
		1F02C2301CF122DC002C3AE8 /* spark.png */ = {isa = PBXFileReference; lastKnownFileType = image.png; path = spark.png; sourceTree = "<group>"; };
		1F03FC1A1CF22A97001EBA67 /* Sparkles.sks */ = {isa = PBXFileReference; lastKnownFileType = file.sks; path = Sparkles.sks; sourceTree = "<group>"; };
		1F0642AE1CFBD2FA0023B253 /* Base */ = {isa = PBXFileReference; lastKnownFileType = file.sks; name = Base; path = "Furiously Calm Tiger/Base.lproj/SmokeParticles.sks"; sourceTree = "<group>"; };
		1F0642B01CFBD2FA0023B253 /* Base */ = {isa = PBXFileReference; lastKnownFileType = image.png; name = Base; path = "Furiously Calm Tiger/Base.lproj/spark2.png"; sourceTree = "<group>"; };
		1F0E61F81CFB2FE400115A29 /* RoundParticle2.sks */ = {isa = PBXFileReference; lastKnownFileType = file.sks; path = RoundParticle2.sks; sourceTree = "<group>"; };
		1F16030E1CFBE88C0044350B /* TigerSnoozescene.sks */ = {isa = PBXFileReference; lastKnownFileType = file.sks; path = TigerSnoozescene.sks; sourceTree = "<group>"; };
		1F1DC65E1CFB3E1800AB9B9D /* littleCircles.sks */ = {isa = PBXFileReference; lastKnownFileType = file.sks; path = littleCircles.sks; sourceTree = "<group>"; };
		1F24BC901CEA5AF400CF6A96 /* TitleScene.swift */ = {isa = PBXFileReference; fileEncoding = 4; lastKnownFileType = sourcecode.swift; path = TitleScene.swift; sourceTree = "<group>"; };
		1F5EEE8E1CE9FD020026E201 /* TitleScene.sks */ = {isa = PBXFileReference; lastKnownFileType = file.sks; path = TitleScene.sks; sourceTree = "<group>"; };
		1F6B2DC21CEB26F60090B44E /* MyActions.sks */ = {isa = PBXFileReference; lastKnownFileType = file.sks; name = MyActions.sks; path = Actions/MyActions.sks; sourceTree = "<group>"; };
		1FA75D371CEE0BE40003BC78 /* Tiger.sks */ = {isa = PBXFileReference; lastKnownFileType = file.sks; path = Tiger.sks; sourceTree = "<group>"; };
		1FA94B091CD79DBE0024B6DA /* Furiously Calm Tiger.app */ = {isa = PBXFileReference; explicitFileType = wrapper.application; includeInIndex = 0; path = "Furiously Calm Tiger.app"; sourceTree = BUILT_PRODUCTS_DIR; };
		1FA94B0C1CD79DBE0024B6DA /* AppDelegate.swift */ = {isa = PBXFileReference; lastKnownFileType = sourcecode.swift; path = AppDelegate.swift; sourceTree = "<group>"; };
		1FA94B0E1CD79DBE0024B6DA /* GameScene.sks */ = {isa = PBXFileReference; lastKnownFileType = file.sks; path = GameScene.sks; sourceTree = "<group>"; };
		1FA94B101CD79DBE0024B6DA /* GameScene.swift */ = {isa = PBXFileReference; lastKnownFileType = sourcecode.swift; path = GameScene.swift; sourceTree = "<group>"; };
		1FA94B121CD79DBE0024B6DA /* GameViewController.swift */ = {isa = PBXFileReference; lastKnownFileType = sourcecode.swift; path = GameViewController.swift; sourceTree = "<group>"; };
		1FA94B151CD79DBE0024B6DA /* Base */ = {isa = PBXFileReference; lastKnownFileType = file.storyboard; name = Base; path = Base.lproj/Main.storyboard; sourceTree = "<group>"; };
		1FA94B171CD79DBE0024B6DA /* Assets.xcassets */ = {isa = PBXFileReference; lastKnownFileType = folder.assetcatalog; path = Assets.xcassets; sourceTree = "<group>"; };
		1FA94B1A1CD79DBE0024B6DA /* Base */ = {isa = PBXFileReference; lastKnownFileType = file.storyboard; name = Base; path = Base.lproj/LaunchScreen.storyboard; sourceTree = "<group>"; };
		1FA94B1C1CD79DBE0024B6DA /* Info.plist */ = {isa = PBXFileReference; lastKnownFileType = text.plist.xml; path = Info.plist; sourceTree = "<group>"; };
		1FA94B211CD79DBE0024B6DA /* Furiously Calm TigerUITests.xctest */ = {isa = PBXFileReference; explicitFileType = wrapper.cfbundle; includeInIndex = 0; path = "Furiously Calm TigerUITests.xctest"; sourceTree = BUILT_PRODUCTS_DIR; };
		1FA94B251CD79DBE0024B6DA /* Furiously_Calm_TigerUITests.swift */ = {isa = PBXFileReference; lastKnownFileType = sourcecode.swift; path = Furiously_Calm_TigerUITests.swift; sourceTree = "<group>"; };
		1FA94B271CD79DBE0024B6DA /* Info.plist */ = {isa = PBXFileReference; lastKnownFileType = text.plist.xml; path = Info.plist; sourceTree = "<group>"; };
		1FDEB1921CFBDBD5006AD049 /* Fabric.framework */ = {isa = PBXFileReference; lastKnownFileType = wrapper.framework; path = Fabric.framework; sourceTree = "<group>"; };
		1FDEB1931CFBDBD5006AD049 /* GameAnalytics.framework */ = {isa = PBXFileReference; lastKnownFileType = wrapper.framework; path = GameAnalytics.framework; sourceTree = "<group>"; };
/* End PBXFileReference section */

/* Begin PBXFrameworksBuildPhase section */
		1FA94B061CD79DBE0024B6DA /* Frameworks */ = {
			isa = PBXFrameworksBuildPhase;
			buildActionMask = 2147483647;
			files = (
				1FDEB1941CFBDBD5006AD049 /* Fabric.framework in Frameworks */,
				1FDEB1951CFBDBD5006AD049 /* GameAnalytics.framework in Frameworks */,
			);
			runOnlyForDeploymentPostprocessing = 0;
		};
		1FA94B1E1CD79DBE0024B6DA /* Frameworks */ = {
			isa = PBXFrameworksBuildPhase;
			buildActionMask = 2147483647;
			files = (
			);
			runOnlyForDeploymentPostprocessing = 0;
		};
/* End PBXFrameworksBuildPhase section */

/* Begin PBXGroup section */
		1F2BF7891CF0C6FA007171B6 /* Graphics */ = {
			isa = PBXGroup;
			children = (
				1F6B2DC21CEB26F60090B44E /* MyActions.sks */,
				1FA75D371CEE0BE40003BC78 /* Tiger.sks */,
				1F02C22F1CF122DC002C3AE8 /* RoundParticle.sks */,
				1F0E61F81CFB2FE400115A29 /* RoundParticle2.sks */,
				1F0642AD1CFBD2FA0023B253 /* SmokeParticles.sks */,
				1F02C2301CF122DC002C3AE8 /* spark.png */,
				1F0642AF1CFBD2FA0023B253 /* spark2.png */,
				1F03FC1A1CF22A97001EBA67 /* Sparkles.sks */,
				1F1DC65E1CFB3E1800AB9B9D /* littleCircles.sks */,
				1F16030E1CFBE88C0044350B /* TigerSnoozescene.sks */,
			);
			name = Graphics;
			sourceTree = "<group>";
		};
		1FA94B001CD79DBE0024B6DA = {
			isa = PBXGroup;
			children = (
				1FA94B0B1CD79DBE0024B6DA /* Furiously Calm Tiger */,
				1FA94B241CD79DBE0024B6DA /* Furiously Calm TigerUITests */,
				1FA94B0A1CD79DBE0024B6DA /* Products */,
				1FDEB1921CFBDBD5006AD049 /* Fabric.framework */,
				1FDEB1931CFBDBD5006AD049 /* GameAnalytics.framework */,
			);
			sourceTree = "<group>";
		};
		1FA94B0A1CD79DBE0024B6DA /* Products */ = {
			isa = PBXGroup;
			children = (
				1FA94B091CD79DBE0024B6DA /* Furiously Calm Tiger.app */,
				1FA94B211CD79DBE0024B6DA /* Furiously Calm TigerUITests.xctest */,
			);
			name = Products;
			sourceTree = "<group>";
		};
		1FA94B0B1CD79DBE0024B6DA /* Furiously Calm Tiger */ = {
			isa = PBXGroup;
			children = (
				1F2BF7891CF0C6FA007171B6 /* Graphics */,
				1FA94B0C1CD79DBE0024B6DA /* AppDelegate.swift */,
				1FA94B0E1CD79DBE0024B6DA /* GameScene.sks */,
				1FA94B101CD79DBE0024B6DA /* GameScene.swift */,
				1F5EEE8E1CE9FD020026E201 /* TitleScene.sks */,
				1F24BC901CEA5AF400CF6A96 /* TitleScene.swift */,
				1FA94B121CD79DBE0024B6DA /* GameViewController.swift */,
				1FA94B141CD79DBE0024B6DA /* Main.storyboard */,
				1FA94B171CD79DBE0024B6DA /* Assets.xcassets */,
				1FA94B191CD79DBE0024B6DA /* LaunchScreen.storyboard */,
				1FA94B1C1CD79DBE0024B6DA /* Info.plist */,
			);
			path = "Furiously Calm Tiger";
			sourceTree = "<group>";
		};
		1FA94B241CD79DBE0024B6DA /* Furiously Calm TigerUITests */ = {
			isa = PBXGroup;
			children = (
				1FA94B251CD79DBE0024B6DA /* Furiously_Calm_TigerUITests.swift */,
				1FA94B271CD79DBE0024B6DA /* Info.plist */,
			);
			path = "Furiously Calm TigerUITests";
			sourceTree = "<group>";
		};
/* End PBXGroup section */

/* Begin PBXNativeTarget section */
		1FA94B081CD79DBE0024B6DA /* Furiously Calm Tiger */ = {
			isa = PBXNativeTarget;
			buildConfigurationList = 1FA94B2A1CD79DBE0024B6DA /* Build configuration list for PBXNativeTarget "Furiously Calm Tiger" */;
			buildPhases = (
				1FA94B051CD79DBE0024B6DA /* Sources */,
				1FA94B061CD79DBE0024B6DA /* Frameworks */,
				1FA94B071CD79DBE0024B6DA /* Resources */,
				1FDEB1911CFBDBB8006AD049 /* ShellScript */,
			);
			buildRules = (
			);
			dependencies = (
			);
			name = "Furiously Calm Tiger";
			productName = "Furiously Calm Tiger";
			productReference = 1FA94B091CD79DBE0024B6DA /* Furiously Calm Tiger.app */;
			productType = "com.apple.product-type.application";
		};
		1FA94B201CD79DBE0024B6DA /* Furiously Calm TigerUITests */ = {
			isa = PBXNativeTarget;
			buildConfigurationList = 1FA94B2D1CD79DBE0024B6DA /* Build configuration list for PBXNativeTarget "Furiously Calm TigerUITests" */;
			buildPhases = (
				1FA94B1D1CD79DBE0024B6DA /* Sources */,
				1FA94B1E1CD79DBE0024B6DA /* Frameworks */,
				1FA94B1F1CD79DBE0024B6DA /* Resources */,
			);
			buildRules = (
			);
			dependencies = (
				1FA94B231CD79DBE0024B6DA /* PBXTargetDependency */,
			);
			name = "Furiously Calm TigerUITests";
			productName = "Furiously Calm TigerUITests";
			productReference = 1FA94B211CD79DBE0024B6DA /* Furiously Calm TigerUITests.xctest */;
			productType = "com.apple.product-type.bundle.ui-testing";
		};
/* End PBXNativeTarget section */

/* Begin PBXProject section */
		1FA94B011CD79DBE0024B6DA /* Project object */ = {
			isa = PBXProject;
			attributes = {
				LastSwiftUpdateCheck = 0730;
				LastUpgradeCheck = 0730;
				ORGANIZATIONNAME = Fabian;
				TargetAttributes = {
					1FA94B081CD79DBE0024B6DA = {
						CreatedOnToolsVersion = 7.3;
						DevelopmentTeam = 494MEJF5K5;
					};
					1FA94B201CD79DBE0024B6DA = {
						CreatedOnToolsVersion = 7.3;
						TestTargetID = 1FA94B081CD79DBE0024B6DA;
					};
				};
			};
			buildConfigurationList = 1FA94B041CD79DBE0024B6DA /* Build configuration list for PBXProject "Furiously Calm Tiger" */;
			compatibilityVersion = "Xcode 3.2";
			developmentRegion = English;
			hasScannedForEncodings = 0;
			knownRegions = (
				en,
				Base,
			);
			mainGroup = 1FA94B001CD79DBE0024B6DA;
			productRefGroup = 1FA94B0A1CD79DBE0024B6DA /* Products */;
			projectDirPath = "";
			projectRoot = "";
			targets = (
				1FA94B081CD79DBE0024B6DA /* Furiously Calm Tiger */,
				1FA94B201CD79DBE0024B6DA /* Furiously Calm TigerUITests */,
			);
		};
/* End PBXProject section */

/* Begin PBXResourcesBuildPhase section */
		1FA94B071CD79DBE0024B6DA /* Resources */ = {
			isa = PBXResourcesBuildPhase;
			buildActionMask = 2147483647;
			files = (
				1F03FC1B1CF22A97001EBA67 /* Sparkles.sks in Resources */,
				1FA94B0F1CD79DBE0024B6DA /* GameScene.sks in Resources */,
				1F0E61F91CFB2FE400115A29 /* RoundParticle2.sks in Resources */,
				1F02C2321CF122DC002C3AE8 /* spark.png in Resources */,
				1F6B2DC31CEB26F60090B44E /* MyActions.sks in Resources */,
				1FA94B1B1CD79DBE0024B6DA /* LaunchScreen.storyboard in Resources */,
				1FA75D381CEE0BE40003BC78 /* Tiger.sks in Resources */,
				1F0642B11CFBD2FA0023B253 /* SmokeParticles.sks in Resources */,
				1F02C2311CF122DC002C3AE8 /* RoundParticle.sks in Resources */,
				1F0642B21CFBD2FA0023B253 /* spark2.png in Resources */,
				1FA94B181CD79DBE0024B6DA /* Assets.xcassets in Resources */,
				1F16030F1CFBE88C0044350B /* TigerSnoozescene.sks in Resources */,
				1F5EEE8F1CE9FD020026E201 /* TitleScene.sks in Resources */,
				1FA94B161CD79DBE0024B6DA /* Main.storyboard in Resources */,
				1F1DC65F1CFB3E1800AB9B9D /* littleCircles.sks in Resources */,
			);
			runOnlyForDeploymentPostprocessing = 0;
		};
		1FA94B1F1CD79DBE0024B6DA /* Resources */ = {
			isa = PBXResourcesBuildPhase;
			buildActionMask = 2147483647;
			files = (
			);
			runOnlyForDeploymentPostprocessing = 0;
		};
/* End PBXResourcesBuildPhase section */

/* Begin PBXShellScriptBuildPhase section */
		1FDEB1911CFBDBB8006AD049 /* ShellScript */ = {
			isa = PBXShellScriptBuildPhase;
			buildActionMask = 2147483647;
			files = (
			);
			inputPaths = (
			);
			outputPaths = (
			);
			runOnlyForDeploymentPostprocessing = 0;
			shellPath = /bin/sh;
			shellScript = "./Fabric.framework/run 894e6de68ca67d58dabdaef41e6c3328a3041a24 bcec39425c2e23e815c232b3ac6b15e4b575a3d812e6c7e162af02cec3a17c07";
		};
/* End PBXShellScriptBuildPhase section */

/* Begin PBXSourcesBuildPhase section */
		1FA94B051CD79DBE0024B6DA /* Sources */ = {
			isa = PBXSourcesBuildPhase;
			buildActionMask = 2147483647;
			files = (
				1FA94B111CD79DBE0024B6DA /* GameScene.swift in Sources */,
				1FA94B131CD79DBE0024B6DA /* GameViewController.swift in Sources */,
				1FA94B0D1CD79DBE0024B6DA /* AppDelegate.swift in Sources */,
				1F24BC911CEA5AF400CF6A96 /* TitleScene.swift in Sources */,
			);
			runOnlyForDeploymentPostprocessing = 0;
		};
		1FA94B1D1CD79DBE0024B6DA /* Sources */ = {
			isa = PBXSourcesBuildPhase;
			buildActionMask = 2147483647;
			files = (
				1FA94B261CD79DBE0024B6DA /* Furiously_Calm_TigerUITests.swift in Sources */,
			);
			runOnlyForDeploymentPostprocessing = 0;
		};
/* End PBXSourcesBuildPhase section */

/* Begin PBXTargetDependency section */
		1FA94B231CD79DBE0024B6DA /* PBXTargetDependency */ = {
			isa = PBXTargetDependency;
			target = 1FA94B081CD79DBE0024B6DA /* Furiously Calm Tiger */;
			targetProxy = 1FA94B221CD79DBE0024B6DA /* PBXContainerItemProxy */;
		};
/* End PBXTargetDependency section */

/* Begin PBXVariantGroup section */
		1F0642AD1CFBD2FA0023B253 /* SmokeParticles.sks */ = {
			isa = PBXVariantGroup;
			children = (
				1F0642AE1CFBD2FA0023B253 /* Base */,
			);
			name = SmokeParticles.sks;
			path = ..;
			sourceTree = "<group>";
		};
		1F0642AF1CFBD2FA0023B253 /* spark2.png */ = {
			isa = PBXVariantGroup;
			children = (
				1F0642B01CFBD2FA0023B253 /* Base */,
			);
			name = spark2.png;
			path = ..;
			sourceTree = "<group>";
		};
		1FA94B141CD79DBE0024B6DA /* Main.storyboard */ = {
			isa = PBXVariantGroup;
			children = (
				1FA94B151CD79DBE0024B6DA /* Base */,
			);
			name = Main.storyboard;
			sourceTree = "<group>";
		};
		1FA94B191CD79DBE0024B6DA /* LaunchScreen.storyboard */ = {
			isa = PBXVariantGroup;
			children = (
				1FA94B1A1CD79DBE0024B6DA /* Base */,
			);
			name = LaunchScreen.storyboard;
			sourceTree = "<group>";
		};
/* End PBXVariantGroup section */

/* Begin XCBuildConfiguration section */
		1FA94B281CD79DBE0024B6DA /* Debug */ = {
			isa = XCBuildConfiguration;
			buildSettings = {
				ALWAYS_SEARCH_USER_PATHS = NO;
				CLANG_ANALYZER_NONNULL = YES;
				CLANG_CXX_LANGUAGE_STANDARD = "gnu++0x";
				CLANG_CXX_LIBRARY = "libc++";
				CLANG_ENABLE_MODULES = YES;
				CLANG_ENABLE_OBJC_ARC = YES;
				CLANG_WARN_BOOL_CONVERSION = YES;
				CLANG_WARN_CONSTANT_CONVERSION = YES;
				CLANG_WARN_DIRECT_OBJC_ISA_USAGE = YES_ERROR;
				CLANG_WARN_EMPTY_BODY = YES;
				CLANG_WARN_ENUM_CONVERSION = YES;
				CLANG_WARN_INT_CONVERSION = YES;
				CLANG_WARN_OBJC_ROOT_CLASS = YES_ERROR;
				CLANG_WARN_UNREACHABLE_CODE = YES;
				CLANG_WARN__DUPLICATE_METHOD_MATCH = YES;
				"CODE_SIGN_IDENTITY[sdk=iphoneos*]" = "iPhone Developer";
				COPY_PHASE_STRIP = NO;
				DEBUG_INFORMATION_FORMAT = "dwarf-with-dsym";
				ENABLE_STRICT_OBJC_MSGSEND = YES;
				ENABLE_TESTABILITY = YES;
				GCC_C_LANGUAGE_STANDARD = gnu99;
				GCC_DYNAMIC_NO_PIC = NO;
				GCC_NO_COMMON_BLOCKS = YES;
				GCC_OPTIMIZATION_LEVEL = 0;
				GCC_PREPROCESSOR_DEFINITIONS = (
					"DEBUG=1",
					"$(inherited)",
				);
				GCC_WARN_64_TO_32_BIT_CONVERSION = YES;
				GCC_WARN_ABOUT_RETURN_TYPE = YES_ERROR;
				GCC_WARN_UNDECLARED_SELECTOR = YES;
				GCC_WARN_UNINITIALIZED_AUTOS = YES_AGGRESSIVE;
				GCC_WARN_UNUSED_FUNCTION = YES;
				GCC_WARN_UNUSED_VARIABLE = YES;
				IPHONEOS_DEPLOYMENT_TARGET = 9.3;
				MTL_ENABLE_DEBUG_INFO = YES;
				ONLY_ACTIVE_ARCH = YES;
				SDKROOT = iphoneos;
				SWIFT_OPTIMIZATION_LEVEL = "-Onone";
				TARGETED_DEVICE_FAMILY = "1,2";
			};
			name = Debug;
		};
		1FA94B291CD79DBE0024B6DA /* Release */ = {
			isa = XCBuildConfiguration;
			buildSettings = {
				ALWAYS_SEARCH_USER_PATHS = NO;
				CLANG_ANALYZER_NONNULL = YES;
				CLANG_CXX_LANGUAGE_STANDARD = "gnu++0x";
				CLANG_CXX_LIBRARY = "libc++";
				CLANG_ENABLE_MODULES = YES;
				CLANG_ENABLE_OBJC_ARC = YES;
				CLANG_WARN_BOOL_CONVERSION = YES;
				CLANG_WARN_CONSTANT_CONVERSION = YES;
				CLANG_WARN_DIRECT_OBJC_ISA_USAGE = YES_ERROR;
				CLANG_WARN_EMPTY_BODY = YES;
				CLANG_WARN_ENUM_CONVERSION = YES;
				CLANG_WARN_INT_CONVERSION = YES;
				CLANG_WARN_OBJC_ROOT_CLASS = YES_ERROR;
				CLANG_WARN_UNREACHABLE_CODE = YES;
				CLANG_WARN__DUPLICATE_METHOD_MATCH = YES;
				"CODE_SIGN_IDENTITY[sdk=iphoneos*]" = "iPhone Developer";
				COPY_PHASE_STRIP = NO;
				DEBUG_INFORMATION_FORMAT = "dwarf-with-dsym";
				ENABLE_NS_ASSERTIONS = NO;
				ENABLE_STRICT_OBJC_MSGSEND = YES;
				GCC_C_LANGUAGE_STANDARD = gnu99;
				GCC_NO_COMMON_BLOCKS = YES;
				GCC_WARN_64_TO_32_BIT_CONVERSION = YES;
				GCC_WARN_ABOUT_RETURN_TYPE = YES_ERROR;
				GCC_WARN_UNDECLARED_SELECTOR = YES;
				GCC_WARN_UNINITIALIZED_AUTOS = YES_AGGRESSIVE;
				GCC_WARN_UNUSED_FUNCTION = YES;
				GCC_WARN_UNUSED_VARIABLE = YES;
				IPHONEOS_DEPLOYMENT_TARGET = 9.3;
				MTL_ENABLE_DEBUG_INFO = NO;
				SDKROOT = iphoneos;
				TARGETED_DEVICE_FAMILY = "1,2";
				VALIDATE_PRODUCT = YES;
			};
			name = Release;
		};
		1FA94B2B1CD79DBE0024B6DA /* Debug */ = {
			isa = XCBuildConfiguration;
			buildSettings = {
				ASSETCATALOG_COMPILER_APPICON_NAME = AppIcon;
				CODE_SIGN_IDENTITY = "iPhone Developer";
				"CODE_SIGN_IDENTITY[sdk=iphoneos*]" = "iPhone Developer";
				FRAMEWORK_SEARCH_PATHS = (
					"$(inherited)",
					"$(PROJECT_DIR)",
				);
				INFOPLIST_FILE = "Furiously Calm Tiger/Info.plist";
				LD_RUNPATH_SEARCH_PATHS = "$(inherited) @executable_path/Frameworks";
				PRODUCT_BUNDLE_IDENTIFIER = com.fabianhaeusler.furiouslycalm;
				PRODUCT_NAME = "$(TARGET_NAME)";
				PROVISIONING_PROFILE = "";
			};
			name = Debug;
		};
		1FA94B2C1CD79DBE0024B6DA /* Release */ = {
			isa = XCBuildConfiguration;
			buildSettings = {
				ASSETCATALOG_COMPILER_APPICON_NAME = AppIcon;
				CODE_SIGN_IDENTITY = "iPhone Developer";
				"CODE_SIGN_IDENTITY[sdk=iphoneos*]" = "iPhone Developer";
				FRAMEWORK_SEARCH_PATHS = (
					"$(inherited)",
					"$(PROJECT_DIR)",
				);
				INFOPLIST_FILE = "Furiously Calm Tiger/Info.plist";
				LD_RUNPATH_SEARCH_PATHS = "$(inherited) @executable_path/Frameworks";
				PRODUCT_BUNDLE_IDENTIFIER = com.fabianhaeusler.furiouslycalm;
				PRODUCT_NAME = "$(TARGET_NAME)";
				PROVISIONING_PROFILE = "";
			};
			name = Release;
		};
		1FA94B2E1CD79DBE0024B6DA /* Debug */ = {
			isa = XCBuildConfiguration;
			buildSettings = {
				DEBUG_INFORMATION_FORMAT = dwarf;
				INFOPLIST_FILE = "Furiously Calm TigerUITests/Info.plist";
				LD_RUNPATH_SEARCH_PATHS = "$(inherited) @executable_path/Frameworks @loader_path/Frameworks";
				PRODUCT_BUNDLE_IDENTIFIER = "com.fabianhaeusler.Furiously-Calm-TigerUITests";
				PRODUCT_NAME = "$(TARGET_NAME)";
				TEST_TARGET_NAME = "Furiously Calm Tiger";
			};
			name = Debug;
		};
		1FA94B2F1CD79DBE0024B6DA /* Release */ = {
			isa = XCBuildConfiguration;
			buildSettings = {
				INFOPLIST_FILE = "Furiously Calm TigerUITests/Info.plist";
				LD_RUNPATH_SEARCH_PATHS = "$(inherited) @executable_path/Frameworks @loader_path/Frameworks";
				PRODUCT_BUNDLE_IDENTIFIER = "com.fabianhaeusler.Furiously-Calm-TigerUITests";
				PRODUCT_NAME = "$(TARGET_NAME)";
				TEST_TARGET_NAME = "Furiously Calm Tiger";
			};
			name = Release;
		};
/* End XCBuildConfiguration section */

/* Begin XCConfigurationList section */
		1FA94B041CD79DBE0024B6DA /* Build configuration list for PBXProject "Furiously Calm Tiger" */ = {
			isa = XCConfigurationList;
			buildConfigurations = (
				1FA94B281CD79DBE0024B6DA /* Debug */,
				1FA94B291CD79DBE0024B6DA /* Release */,
			);
			defaultConfigurationIsVisible = 0;
			defaultConfigurationName = Release;
		};
		1FA94B2A1CD79DBE0024B6DA /* Build configuration list for PBXNativeTarget "Furiously Calm Tiger" */ = {
			isa = XCConfigurationList;
			buildConfigurations = (
				1FA94B2B1CD79DBE0024B6DA /* Debug */,
				1FA94B2C1CD79DBE0024B6DA /* Release */,
			);
			defaultConfigurationIsVisible = 0;
			defaultConfigurationName = Release;
		};
		1FA94B2D1CD79DBE0024B6DA /* Build configuration list for PBXNativeTarget "Furiously Calm TigerUITests" */ = {
			isa = XCConfigurationList;
			buildConfigurations = (
				1FA94B2E1CD79DBE0024B6DA /* Debug */,
				1FA94B2F1CD79DBE0024B6DA /* Release */,
			);
			defaultConfigurationIsVisible = 0;
			defaultConfigurationName = Release;
		};
/* End XCConfigurationList section */
	};
	rootObject = 1FA94B011CD79DBE0024B6DA /* Project object */;
}
